
Microsoft Visual Studio Solution File, Format Version 12.00
# Visual Studio Version 17
VisualStudioVersion = 17.0.32112.339
MinimumVisualStudioVersion = 10.0.40219.1
Project("{FAE04EC0-301F-11D3-BF4B-00C04F79EFBC}") = "NIGERIA", "NIGERIA\NIGERIA.csproj", "{A98615D1-C8B7-402A-A38C-F57CDC96AB63}"
EndProject
Global
	GlobalSection(SolutionConfigurationPlatforms) = preSolution
		Debug|Any CPU = Debug|Any CPU
		Release|Any CPU = Release|Any CPU
	EndGlobalSection
	GlobalSection(ProjectConfigurationPlatforms) = postSolution
		{A98615D1-C8B7-402A-A38C-F57CDC96AB63}.Debug|Any CPU.ActiveCfg = Debug|Any CPU
		{A98615D1-C8B7-402A-A38C-F57CDC96AB63}.Debug|Any CPU.Build.0 = Debug|Any CPU
		{A98615D1-C8B7-402A-A38C-F57CDC96AB63}.Release|Any CPU.ActiveCfg = Release|Any CPU
		{A98615D1-C8B7-402A-A38C-F57CDC96AB63}.Release|Any CPU.Build.0 = Release|Any CPU
	EndGlobalSection
	GlobalSection(SolutionProperties) = preSolution
		HideSolutionNode = FALSE
	EndGlobalSection
	GlobalSection(ExtensibilityGlobals) = postSolution
		SolutionGuid = {75ADEC2E-6426-443F-A6CC-965979B641E0}
	EndGlobalSection
EndGlobal
